
Microsoft Visual Studio Solution File, Format Version 12.00
# Visual Studio Version 17
VisualStudioVersion = 17.4.33205.214
MinimumVisualStudioVersion = 10.0.40219.1
Project("{8BC9CEB8-8B4A-11D0-8D11-00A0C91BC942}") = "ExportPython", "ExportPython.vcxproj", "{930D5620-2A75-4FCB-B3A2-0E8AB47CC4E2}"
EndProject
Global
	GlobalSection(SolutionConfigurationPlatforms) = preSolution
		Debug|x64 = Debug|x64
		Debug|x86 = Debug|x86
		Release|x64 = Release|x64
		Release|x86 = Release|x86
	EndGlobalSection
	GlobalSection(ProjectConfigurationPlatforms) = postSolution
		{930D5620-2A75-4FCB-B3A2-0E8AB47CC4E2}.Debug|x64.ActiveCfg = Debug|x64
		{930D5620-2A75-4FCB-B3A2-0E8AB47CC4E2}.Debug|x64.Build.0 = Debug|x64
		{930D5620-2A75-4FCB-B3A2-0E8AB47CC4E2}.Debug|x86.ActiveCfg = Debug|Win32
		{930D5620-2A75-4FCB-B3A2-0E8AB47CC4E2}.Debug|x86.Build.0 = Debug|Win32
		{930D5620-2A75-4FCB-B3A2-0E8AB47CC4E2}.Release|x64.ActiveCfg = Release|x64
		{930D5620-2A75-4FCB-B3A2-0E8AB47CC4E2}.Release|x64.Build.0 = Release|x64
		{930D5620-2A75-4FCB-B3A2-0E8AB47CC4E2}.Release|x86.ActiveCfg = Release|Win32
		{930D5620-2A75-4FCB-B3A2-0E8AB47CC4E2}.Release|x86.Build.0 = Release|Win32
	EndGlobalSection
	GlobalSection(SolutionProperties) = preSolution
		HideSolutionNode = FALSE
	EndGlobalSection
	GlobalSection(ExtensibilityGlobals) = postSolution
		SolutionGuid = {88E2EF36-D2C5-4848-B300-88C73EDC3DA3}
	EndGlobalSection
EndGlobal
